
Microsoft Visual Studio Solution File, Format Version 12.00
Project("{FAE04EC0-301F-11D3-BF4B-00C04F79EFBC}") = "Hospital Management", "Hospital Management\Hospital Management.csproj", "{2F109085-5B87-401E-8714-B7F81B3B5EC0}"
EndProject
Global
	GlobalSection(SolutionConfigurationPlatforms) = preSolution
		Debug|Any CPU = Debug|Any CPU
		Release|Any CPU = Release|Any CPU
	EndGlobalSection
	GlobalSection(ProjectConfigurationPlatforms) = postSolution
		{2F109085-5B87-401E-8714-B7F81B3B5EC0}.Debug|Any CPU.ActiveCfg = Debug|Any CPU
		{2F109085-5B87-401E-8714-B7F81B3B5EC0}.Debug|Any CPU.Build.0 = Debug|Any CPU
		{2F109085-5B87-401E-8714-B7F81B3B5EC0}.Release|Any CPU.ActiveCfg = Release|Any CPU
		{2F109085-5B87-401E-8714-B7F81B3B5EC0}.Release|Any CPU.Build.0 = Release|Any CPU
	EndGlobalSection
EndGlobal
